
Microsoft Visual Studio Solution File, Format Version 12.00
# Visual Studio Version 16
VisualStudioVersion = 16.0.31624.102
MinimumVisualStudioVersion = 10.0.40219.1
Project("{FAE04EC0-301F-11D3-BF4B-00C04F79EFBC}") = "GraphSample", "GraphSample\GraphSample.csproj", "{98E52AA5-7E71-4005-B396-486DB8103649}"
EndProject
Global
	GlobalSection(SolutionConfigurationPlatforms) = preSolution
		Debug|Any CPU = Debug|Any CPU
		Release|Any CPU = Release|Any CPU
	EndGlobalSection
	GlobalSection(ProjectConfigurationPlatforms) = postSolution
		{98E52AA5-7E71-4005-B396-486DB8103649}.Debug|Any CPU.ActiveCfg = Debug|Any CPU
		{98E52AA5-7E71-4005-B396-486DB8103649}.Debug|Any CPU.Build.0 = Debug|Any CPU
		{98E52AA5-7E71-4005-B396-486DB8103649}.Release|Any CPU.ActiveCfg = Release|Any CPU
		{98E52AA5-7E71-4005-B396-486DB8103649}.Release|Any CPU.Build.0 = Release|Any CPU
	EndGlobalSection
	GlobalSection(SolutionProperties) = preSolution
		HideSolutionNode = FALSE
	EndGlobalSection
	GlobalSection(ExtensibilityGlobals) = postSolution
		SolutionGuid = {D94B7166-B222-4FB0-AC6A-568FE19AB1B5}
	EndGlobalSection
EndGlobal
